<?xml version="1.0" encoding="utf-8"?>
<Project ToolsVersion="4.0" xmlns="http://schemas.microsoft.com/developer/msbuild/2003">
  <ItemGroup>
    <Filter Include="Source Files">
      <UniqueIdentifier>{4FC737F1-C7A5-4376-A066-2A32D752A2FF}</UniqueIdentifier>
      <Extensions>cpp;c;cc;cxx;def;odl;idl;hpj;bat;asm;asmx</Extensions>
    </Filter>
    <Filter Include="Header Files">
      <UniqueIdentifier>{93995380-89BD-4b04-88EB-625FBE52EBFB}</UniqueIdentifier>
      <Extensions>h;hh;hpp;hxx;hm;inl;inc;xsd</Extensions>
    </Filter>
    <Filter Include="Resource Files">
      <UniqueIdentifier>{67DA6AB6-F800-4c08-8B7A-83BB121AAD01}</UniqueIdentifier>
      <Extensions>rc;ico;cur;bmp;dlg;rc2;rct;bin;rgs;gif;jpg;jpeg;jpe;resx;tiff;tif;png;wav;mfcribbon-ms</Extensions>
    </Filter>
  </ItemGroup>
  <ItemGroup>
    <None Include="library.properties" />
    <None Include="Conti.ino" />
  </ItemGroup>
  <ItemGroup>
    <ClInclude Include="__vm\.Conti.vsarduino.h">
      <Filter>Header Files</Filter>
    </ClInclude>
    <ClInclude Include="src\Lib\AsyncMqtt\AsyncMqttClient.h">
      <Filter>Header Files</Filter>
    </ClInclude>
    <ClInclude Include="src\Lib\ESPAsyncTCP\AsyncPrinter.h">
      <Filter>Header Files</Filter>
    </ClInclude>
    <ClInclude Include="src\Lib\ESPAsyncTCP\ESPAsyncTCP.h">
      <Filter>Header Files</Filter>
    </ClInclude>
    <ClInclude Include="src\Lib\ESPAsyncTCP\ESPAsyncTCPbuffer.h">
      <Filter>Header Files</Filter>
    </ClInclude>
    <ClInclude Include="src\Lib\ESPAsyncTCP\SyncClient.h">
      <Filter>Header Files</Filter>
    </ClInclude>
    <ClInclude Include="src\Lib\AsyncMqtt\AsyncMqttClient\Packets\ConnAckPacket.h">
      <Filter>Header Files</Filter>
    </ClInclude>
    <ClInclude Include="src\Lib\AsyncMqtt\AsyncMqttClient\Packets\Packet.h">
      <Filter>Header Files</Filter>
    </ClInclude>
    <ClInclude Include="src\Lib\AsyncMqtt\AsyncMqttClient\Packets\PingRespPacket.h">
      <Filter>Header Files</Filter>
    </ClInclude>
    <ClInclude Include="src\Lib\AsyncMqtt\AsyncMqttClient\Packets\PubAckPacket.h">
      <Filter>Header Files</Filter>
    </ClInclude>
    <ClInclude Include="src\Lib\AsyncMqtt\AsyncMqttClient\Packets\PubCompPacket.h">
      <Filter>Header Files</Filter>
    </ClInclude>
    <ClInclude Include="src\Lib\AsyncMqtt\AsyncMqttClient\Packets\PublishPacket.h">
      <Filter>Header Files</Filter>
    </ClInclude>
    <ClInclude Include="src\Lib\AsyncMqtt\AsyncMqttClient\Packets\PubRecPacket.h">
      <Filter>Header Files</Filter>
    </ClInclude>
    <ClInclude Include="src\Lib\AsyncMqtt\AsyncMqttClient\Packets\PubRelPacket.h">
      <Filter>Header Files</Filter>
    </ClInclude>
    <ClInclude Include="src\Lib\AsyncMqtt\AsyncMqttClient\Packets\SubAckPacket.h">
      <Filter>Header Files</Filter>
    </ClInclude>
    <ClInclude Include="src\Lib\AsyncMqtt\AsyncMqttClient\Packets\UnsubAckPacket.h">
      <Filter>Header Files</Filter>
    </ClInclude>
    <ClInclude Include="src\Lib\AsyncMqtt\AsyncMqttClient\Callbacks.h">
      <Filter>Header Files</Filter>
    </ClInclude>
    <ClInclude Include="src\Lib\AsyncMqtt\AsyncMqttClient\DisconnectReasons.h">
      <Filter>Header Files</Filter>
    </ClInclude>
    <ClInclude Include="src\Lib\AsyncMqtt\AsyncMqttClient\Flags.h">
      <Filter>Header Files</Filter>
    </ClInclude>
    <ClInclude Include="src\Lib\AsyncMqtt\AsyncMqttClient\Helpers.h">
      <Filter>Header Files</Filter>
    </ClInclude>
    <ClInclude Include="src\Lib\AsyncMqtt\AsyncMqttClient\ParsingInformation.h">
      <Filter>Header Files</Filter>
    </ClInclude>
    <ClInclude Include="src\Lib\AsyncMqtt\AsyncMqttClient\Storage.h">
      <Filter>Header Files</Filter>
    </ClInclude>
    <ClInclude Include="src\ContiESP8266WiFiMulti.h">
      <Filter>Header Files</Filter>
    </ClInclude>
    <ClInclude Include="src\Lib\AsyncMqtt\AsyncMqttClient\Packets\ConnAckPacket.hpp">
      <Filter>Header Files</Filter>
    </ClInclude>
    <ClInclude Include="src\Lib\AsyncMqtt\AsyncMqttClient\Packets\Packet.hpp">
      <Filter>Header Files</Filter>
    </ClInclude>
    <ClInclude Include="src\Lib\AsyncMqtt\AsyncMqttClient\Packets\PingRespPacket.hpp">
      <Filter>Header Files</Filter>
    </ClInclude>
    <ClInclude Include="src\Lib\AsyncMqtt\AsyncMqttClient\Packets\PubAckPacket.hpp">
      <Filter>Header Files</Filter>
    </ClInclude>
    <ClInclude Include="src\Lib\AsyncMqtt\AsyncMqttClient\Packets\PubCompPacket.hpp">
      <Filter>Header Files</Filter>
    </ClInclude>
    <ClInclude Include="src\Lib\AsyncMqtt\AsyncMqttClient\Packets\PublishPacket.hpp">
      <Filter>Header Files</Filter>
    </ClInclude>
    <ClInclude Include="src\Lib\AsyncMqtt\AsyncMqttClient\Packets\PubRecPacket.hpp">
      <Filter>Header Files</Filter>
    </ClInclude>
    <ClInclude Include="src\Lib\AsyncMqtt\AsyncMqttClient\Packets\PubRelPacket.hpp">
      <Filter>Header Files</Filter>
    </ClInclude>
    <ClInclude Include="src\Lib\AsyncMqtt\AsyncMqttClient\Packets\SubAckPacket.hpp">
      <Filter>Header Files</Filter>
    </ClInclude>
    <ClInclude Include="src\Lib\AsyncMqtt\AsyncMqttClient\Packets\UnsubAckPacket.hpp">
      <Filter>Header Files</Filter>
    </ClInclude>
    <ClInclude Include="src\Lib\AsyncMqtt\AsyncMqttClient\Callbacks.hpp">
      <Filter>Header Files</Filter>
    </ClInclude>
    <ClInclude Include="src\Lib\AsyncMqtt\AsyncMqttClient\DisconnectReasons.hpp">
      <Filter>Header Files</Filter>
    </ClInclude>
    <ClInclude Include="src\Lib\AsyncMqtt\AsyncMqttClient\Flags.hpp">
      <Filter>Header Files</Filter>
    </ClInclude>
    <ClInclude Include="src\Lib\AsyncMqtt\AsyncMqttClient\Helpers.hpp">
      <Filter>Header Files</Filter>
    </ClInclude>
    <ClInclude Include="src\Lib\AsyncMqtt\AsyncMqttClient\MessageProperties.hpp">
      <Filter>Header Files</Filter>
    </ClInclude>
    <ClInclude Include="src\Lib\AsyncMqtt\AsyncMqttClient\ParsingInformation.hpp">
      <Filter>Header Files</Filter>
    </ClInclude>
    <ClInclude Include="src\Lib\AsyncMqtt\AsyncMqttClient\Storage.hpp">
      <Filter>Header Files</Filter>
    </ClInclude>
    <ClInclude Include="src\Lib\AsyncMqtt\AsyncMqttClient.hpp">
      <Filter>Header Files</Filter>
    </ClInclude>
    <ClInclude Include="src\Conti.h">
      <Filter>Header Files</Filter>
    </ClInclude>
    <ClInclude Include="src\ContiUtils.h">
      <Filter>Header Files</Filter>
    </ClInclude>
    <ClInclude Include="src\ContiEsp.h">
      <Filter>Header Files</Filter>
    </ClInclude>
    <ClInclude Include="src\Lib\ESPAsyncTCP\tcp_axtls.h">
      <Filter>Header Files</Filter>
    </ClInclude>
    <ClInclude Include="src\Lib\ESPAsyncTCP\async_config.h">
      <Filter>Header Files</Filter>
    </ClInclude>
    <ClInclude Include="src\ContiConstants.h">
      <Filter>Header Files</Filter>
    </ClInclude>
    <ClInclude Include="src\Helpers\StringHelper.h">
      <Filter>Header Files</Filter>
    </ClInclude>
    <ClInclude Include="src\Api\UpdateNodesFromClientPacket.h">
      <Filter>Header Files</Filter>
    </ClInclude>
    <ClInclude Include="src\Api\NodeUpdate.h">
      <Filter>Header Files</Filter>
    </ClInclude>
    <ClInclude Include="src\Api\UpdateNodesPacket.h">
      <Filter>Header Files</Filter>
    </ClInclude>
    <ClInclude Include="src\Api\PacketBase.h">
      <Filter>Header Files</Filter>
    </ClInclude>
    <ClInclude Include="src\Api\ContiPacketType.h">
      <Filter>Header Files</Filter>
    </ClInclude>
    <ClInclude Include="src\Api\HeartbeatPacket.h">
      <Filter>Header Files</Filter>
    </ClInclude>
    <ClInclude Include="src\Api\AckToDevicePacket.h">
      <Filter>Header Files</Filter>
    </ClInclude>
    <ClInclude Include="src\Api\DeviceNodeUpdateResultType.h">
      <Filter>Header Files</Filter>
    </ClInclude>
    <ClInclude Include="src\Api\DeviceNodeUpdateResult.h">
      <Filter>Header Files</Filter>
    </ClInclude>
    <ClInclude Include="src\Logging\ContiLogger.h">
      <Filter>Header Files</Filter>
    </ClInclude>
    <ClInclude Include="src\Logging\LogComponent.h">
      <Filter>Header Files</Filter>
    </ClInclude>
    <ClInclude Include="src\Logging\LogLevel.h">
      <Filter>Header Files</Filter>
    </ClInclude>
    <ClInclude Include="src\Logging\LogUtils.h">
      <Filter>Header Files</Filter>
    </ClInclude>
    <ClInclude Include="src\Lib\FixedList\FixedList.h">
      <Filter>Header Files</Filter>
    </ClInclude>
    <ClInclude Include="src\Api\ThingSessionCreatePacket.h">
      <Filter>Header Files</Filter>
    </ClInclude>
    <ClInclude Include="src\Api\ThingSessionCreateAckPacket.h">
      <Filter>Header Files</Filter>
    </ClInclude>
    <ClInclude Include="src\Api\LoginResponseType.h">
      <Filter>Header Files</Filter>
    </ClInclude>
    <ClInclude Include="src\Serialization\SerializationHelpers.h">
      <Filter>Header Files</Filter>
    </ClInclude>
    <ClInclude Include="src\Serialization\Serializer.h">
      <Filter>Header Files</Filter>
    </ClInclude>
    <ClInclude Include="src\Serialization\cmp.h">
      <Filter>Header Files</Filter>
    </ClInclude>
    <ClInclude Include="src\Lib\ESP32AsyncTCP\AsyncTCP.h">
      <Filter>Header Files</Filter>
    </ClInclude>
    <ClInclude Include="src\IModule.h">
      <Filter>Header Files</Filter>
    </ClInclude>
    <ClInclude Include="src\Api\FunctionExecutionRequestItem.h">
      <Filter>Header Files</Filter>
    </ClInclude>
    <ClInclude Include="src\Api\FunctionExecutionResponseItem.h">
      <Filter>Header Files</Filter>
    </ClInclude>
    <ClInclude Include="src\Helpers\PacketLogger.h">
      <Filter>Header Files</Filter>
    </ClInclude>
    <ClInclude Include="src\Node\Node.h">
      <Filter>Header Files</Filter>
    </ClInclude>
    <ClInclude Include="src\Node\NodeType.h">
      <Filter>Header Files</Filter>
    </ClInclude>
    <ClInclude Include="src\Node\NodeId.h">
      <Filter>Header Files</Filter>
    </ClInclude>
    <ClInclude Include="src\Value\NodeValue.h">
      <Filter>Header Files</Filter>
    </ClInclude>
    <ClInclude Include="src\Value\ContiUnit.h">
      <Filter>Header Files</Filter>
    </ClInclude>
    <ClInclude Include="src\Api\ClientReceivedSessionCreateAckPacket.h">
      <Filter>Header Files</Filter>
    </ClInclude>
    <ClInclude Include="src\Lib\EspAsyncTCPGsm\AsyncGsmClient.h">
      <Filter>Header Files</Filter>
    </ClInclude>
    <ClInclude Include="src\ContiGsm.h">
      <Filter>Header Files</Filter>
    </ClInclude>
    <ClInclude Include="src\Lib\ESPAsyncTCP\IAsyncClient.h">
      <Filter>Header Files</Filter>
    </ClInclude>
    <ClInclude Include="src\ThingState.h">
      <Filter>Header Files</Filter>
    </ClInclude>
    <ClInclude Include="src\ThingError.h">
      <Filter>Header Files</Filter>
    </ClInclude>
    <ClInclude Include="src\Node\NodeKind.h">
      <Filter>Header Files</Filter>
    </ClInclude>
    <ClInclude Include="src\Helpers\LoopWatchdog.h">
      <Filter>Header Files</Filter>
    </ClInclude>
    <ClInclude Include="src\Api\UpdateFirmwareDataAck.h">
      <Filter>Header Files</Filter>
    </ClInclude>
    <ClInclude Include="src\Api\UpdateFirmwareCommitToThingPacket.h">
      <Filter>Header Files</Filter>
    </ClInclude>
    <ClInclude Include="src\PacketSender.h">
      <Filter>Header Files</Filter>
    </ClInclude>
    <ClInclude Include="src\FirmwareUpdateService.h">
      <Filter>Header Files</Filter>
    </ClInclude>
    <ClInclude Include="src\Api\UpdateFirmwareBeginToThingPacket.h">
      <Filter>Header Files</Filter>
    </ClInclude>
  </ItemGroup>
  <ItemGroup>
    <ClCompile Include="src\Lib\AsyncMqtt\AsyncMqttClient.cpp">
      <Filter>Source Files</Filter>
    </ClCompile>
    <ClCompile Include="src\Lib\ESPAsyncTCP\AsyncPrinter.cpp">
      <Filter>Source Files</Filter>
    </ClCompile>
    <ClCompile Include="src\Lib\ESPAsyncTCP\ESPAsyncTCP.cpp">
      <Filter>Source Files</Filter>
    </ClCompile>
    <ClCompile Include="src\Lib\ESPAsyncTCP\ESPAsyncTCPbuffer.cpp">
      <Filter>Source Files</Filter>
    </ClCompile>
    <ClCompile Include="src\Lib\ESPAsyncTCP\SyncClient.cpp">
      <Filter>Source Files</Filter>
    </ClCompile>
    <ClCompile Include="src\Lib\AsyncMqtt\AsyncMqttClient\Packets\ConnAckPacket.cpp">
      <Filter>Source Files</Filter>
    </ClCompile>
    <ClCompile Include="src\Lib\AsyncMqtt\AsyncMqttClient\Packets\PingRespPacket.cpp">
      <Filter>Source Files</Filter>
    </ClCompile>
    <ClCompile Include="src\Lib\AsyncMqtt\AsyncMqttClient\Packets\PubAckPacket.cpp">
      <Filter>Source Files</Filter>
    </ClCompile>
    <ClCompile Include="src\Lib\AsyncMqtt\AsyncMqttClient\Packets\PubCompPacket.cpp">
      <Filter>Source Files</Filter>
    </ClCompile>
    <ClCompile Include="src\Lib\AsyncMqtt\AsyncMqttClient\Packets\PublishPacket.cpp">
      <Filter>Source Files</Filter>
    </ClCompile>
    <ClCompile Include="src\Lib\AsyncMqtt\AsyncMqttClient\Packets\PubRecPacket.cpp">
      <Filter>Source Files</Filter>
    </ClCompile>
    <ClCompile Include="src\Lib\AsyncMqtt\AsyncMqttClient\Packets\PubRelPacket.cpp">
      <Filter>Source Files</Filter>
    </ClCompile>
    <ClCompile Include="src\Lib\AsyncMqtt\AsyncMqttClient\Packets\SubAckPacket.cpp">
      <Filter>Source Files</Filter>
    </ClCompile>
    <ClCompile Include="src\Lib\AsyncMqtt\AsyncMqttClient\Packets\UnsubAckPacket.cpp">
      <Filter>Source Files</Filter>
    </ClCompile>
    <ClCompile Include="src\ContiESP8266WiFiMulti.cpp">
      <Filter>Source Files</Filter>
    </ClCompile>
    <ClCompile Include="src\Conti.cpp">
      <Filter>Source Files</Filter>
    </ClCompile>
    <ClCompile Include="src\ContiUtils.cpp">
      <Filter>Source Files</Filter>
    </ClCompile>
    <ClCompile Include="src\ContiEsp.cpp">
      <Filter>Source Files</Filter>
    </ClCompile>
    <ClCompile Include="src\Lib\ESPAsyncTCP\tcp_axtls.c">
      <Filter>Source Files</Filter>
    </ClCompile>
    <ClCompile Include="src\Helpers\StringHelper.cpp">
      <Filter>Source Files</Filter>
    </ClCompile>
    <ClCompile Include="src\Logging\ContiLogger.cpp">
      <Filter>Source Files</Filter>
    </ClCompile>
    <ClCompile Include="src\Logging\LogUtils.cpp">
      <Filter>Source Files</Filter>
    </ClCompile>
    <ClCompile Include="src\Lib\FixedList\FixedList.cpp">
      <Filter>Source Files</Filter>
    </ClCompile>
    <ClCompile Include="src\Serialization\SerializationHelpers.cpp">
      <Filter>Source Files</Filter>
    </ClCompile>
    <ClCompile Include="src\Serialization\Serializer.cpp">
      <Filter>Source Files</Filter>
    </ClCompile>
    <ClCompile Include="src\Serialization\cmp.cpp">
      <Filter>Source Files</Filter>
    </ClCompile>
    <ClCompile Include="src\Lib\ESP32AsyncTCP\AsyncTCP.cpp">
      <Filter>Source Files</Filter>
    </ClCompile>
    <ClCompile Include="src\Helpers\PacketLogger.cpp">
      <Filter>Source Files</Filter>
    </ClCompile>
    <ClCompile Include="src\Node\Node.cpp">
      <Filter>Source Files</Filter>
    </ClCompile>
    <ClCompile Include="src\Value\NodeValue.cpp">
      <Filter>Source Files</Filter>
    </ClCompile>
    <ClCompile Include="src\Lib\EspAsyncTCPGsm\AsyncGsmClient.cpp">
      <Filter>Source Files</Filter>
    </ClCompile>
    <ClCompile Include="src\ContiGsm.cpp">
      <Filter>Source Files</Filter>
    </ClCompile>
    <ClCompile Include="src\Helpers\LoopWatchdog.cpp">
      <Filter>Source Files</Filter>
    </ClCompile>
    <ClCompile Include="src\PacketSender.cpp">
      <Filter>Source Files</Filter>
    </ClCompile>
    <ClCompile Include="src\FirmwareUpdateService.cpp">
      <Filter>Source Files</Filter>
    </ClCompile>
  </ItemGroup>
</Project>